// !$*UTF8*$!
{
	archiveVersion = 1;
	classes = {
	};
	objectVersion = 77;
	objects = {

/* Begin PBXBuildFile section */
		E56175132D7230850037D5DC /* FirebaseAnalytics in Frameworks */ = {isa = PBXBuildFile; productRef = E56175122D7230850037D5DC /* FirebaseAnalytics */; };
		E56175152D7230850037D5DC /* FirebaseAnalyticsOnDeviceConversion in Frameworks */ = {isa = PBXBuildFile; productRef = E56175142D7230850037D5DC /* FirebaseAnalyticsOnDeviceConversion */; };
		E56175172D7230850037D5DC /* FirebaseAnalyticsWithoutAdIdSupport in Frameworks */ = {isa = PBXBuildFile; productRef = E56175162D7230850037D5DC /* FirebaseAnalyticsWithoutAdIdSupport */; };
		E56175192D7230850037D5DC /* FirebaseAppCheck in Frameworks */ = {isa = PBXBuildFile; productRef = E56175182D7230850037D5DC /* FirebaseAppCheck */; };
		E561751B2D7230850037D5DC /* FirebaseAppDistribution-Beta in Frameworks */ = {isa = PBXBuildFile; productRef = E561751A2D7230850037D5DC /* FirebaseAppDistribution-Beta */; };
		E56175202D72325B0037D5DC /* FirebaseCore in Frameworks */ = {isa = PBXBuildFile; productRef = E561751F2D72325B0037D5DC /* FirebaseCore */; };
		E56175222D72325B0037D5DC /* FirebaseDatabase in Frameworks */ = {isa = PBXBuildFile; productRef = E56175212D72325B0037D5DC /* FirebaseDatabase */; };
		E56175242D72325B0037D5DC /* FirebaseFirestore in Frameworks */ = {isa = PBXBuildFile; productRef = E56175232D72325B0037D5DC /* FirebaseFirestore */; };
		E56175262D72325B0037D5DC /* FirebaseRemoteConfig in Frameworks */ = {isa = PBXBuildFile; productRef = E56175252D72325B0037D5DC /* FirebaseRemoteConfig */; };
		E56175282D72325B0037D5DC /* FirebaseStorage in Frameworks */ = {isa = PBXBuildFile; productRef = E56175272D72325B0037D5DC /* FirebaseStorage */; };
		E561752A2D72325B0037D5DC /* FirebaseStorageCombine-Community in Frameworks */ = {isa = PBXBuildFile; productRef = E56175292D72325B0037D5DC /* FirebaseStorageCombine-Community */; };
		E561752C2D72325B0037D5DC /* FirebaseVertexAI in Frameworks */ = {isa = PBXBuildFile; productRef = E561752B2D72325B0037D5DC /* FirebaseVertexAI */; };
/* End PBXBuildFile section */

/* Begin PBXContainerItemProxy section */
		E56174742D7213230037D5DC /* PBXContainerItemProxy */ = {
			isa = PBXContainerItemProxy;
			containerPortal = E56174562D7213210037D5DC /* Project object */;
			proxyType = 1;
			remoteGlobalIDString = E561745D2D7213210037D5DC;
			remoteInfo = GMax;
		};
		E561747E2D7213230037D5DC /* PBXContainerItemProxy */ = {
			isa = PBXContainerItemProxy;
			containerPortal = E56174562D7213210037D5DC /* Project object */;
			proxyType = 1;
			remoteGlobalIDString = E561745D2D7213210037D5DC;
			remoteInfo = GMax;
		};
/* End PBXContainerItemProxy section */

/* Begin PBXFileReference section */
		E561745E2D7213210037D5DC /* GMax.app */ = {isa = PBXFileReference; explicitFileType = wrapper.application; includeInIndex = 0; path = GMax.app; sourceTree = BUILT_PRODUCTS_DIR; };
		E56174732D7213230037D5DC /* GMaxTests.xctest */ = {isa = PBXFileReference; explicitFileType = wrapper.cfbundle; includeInIndex = 0; path = GMaxTests.xctest; sourceTree = BUILT_PRODUCTS_DIR; };
		E561747D2D7213230037D5DC /* GMaxUITests.xctest */ = {isa = PBXFileReference; explicitFileType = wrapper.cfbundle; includeInIndex = 0; path = GMaxUITests.xctest; sourceTree = BUILT_PRODUCTS_DIR; };
/* End PBXFileReference section */

/* Begin PBXFileSystemSynchronizedBuildFileExceptionSet section */
		E561750D2D722D8B0037D5DC /* Exceptions for "GMax" folder in "GMax" target */ = {
			isa = PBXFileSystemSynchronizedBuildFileExceptionSet;
			membershipExceptions = (
				extensions.swift,
			);
			target = E561745D2D7213210037D5DC /* GMax */;
		};
/* End PBXFileSystemSynchronizedBuildFileExceptionSet section */

/* Begin PBXFileSystemSynchronizedGroupBuildPhaseMembershipExceptionSet section */
		E561750E2D722D8B0037D5DC /* Exceptions for "GMax" folder in "Copy Bundle Resources" phase from "GMax" target */ = {
			isa = PBXFileSystemSynchronizedGroupBuildPhaseMembershipExceptionSet;
			buildPhase = E561745C2D7213210037D5DC /* Resources */;
			membershipExceptions = (
				extensions.swift,
			);
		};
/* End PBXFileSystemSynchronizedGroupBuildPhaseMembershipExceptionSet section */

/* Begin PBXFileSystemSynchronizedRootGroup section */
		E56174602D7213210037D5DC /* GMax */ = {
			isa = PBXFileSystemSynchronizedRootGroup;
			exceptions = (
				E561750D2D722D8B0037D5DC /* Exceptions for "GMax" folder in "GMax" target */,
				E561750E2D722D8B0037D5DC /* Exceptions for "GMax" folder in "Copy Bundle Resources" phase from "GMax" target */,
			);
			path = GMax;
			sourceTree = "<group>";
		};
		E56174762D7213230037D5DC /* GMaxTests */ = {
			isa = PBXFileSystemSynchronizedRootGroup;
			path = GMaxTests;
			sourceTree = "<group>";
		};
		E56174802D7213230037D5DC /* GMaxUITests */ = {
			isa = PBXFileSystemSynchronizedRootGroup;
			path = GMaxUITests;
			sourceTree = "<group>";
		};
/* End PBXFileSystemSynchronizedRootGroup section */

/* Begin PBXFrameworksBuildPhase section */
		E561745B2D7213210037D5DC /* Frameworks */ = {
			isa = PBXFrameworksBuildPhase;
			buildActionMask = 2147483647;
			files = (
				E561752A2D72325B0037D5DC /* FirebaseStorageCombine-Community in Frameworks */,
				E561752C2D72325B0037D5DC /* FirebaseVertexAI in Frameworks */,
				E56175262D72325B0037D5DC /* FirebaseRemoteConfig in Frameworks */,
				E56175192D7230850037D5DC /* FirebaseAppCheck in Frameworks */,
				E56175132D7230850037D5DC /* FirebaseAnalytics in Frameworks */,
				E56175282D72325B0037D5DC /* FirebaseStorage in Frameworks */,
				E561751B2D7230850037D5DC /* FirebaseAppDistribution-Beta in Frameworks */,
				E56175172D7230850037D5DC /* FirebaseAnalyticsWithoutAdIdSupport in Frameworks */,
				E56175202D72325B0037D5DC /* FirebaseCore in Frameworks */,
				E56175242D72325B0037D5DC /* FirebaseFirestore in Frameworks */,
				E56175222D72325B0037D5DC /* FirebaseDatabase in Frameworks */,
				E56175152D7230850037D5DC /* FirebaseAnalyticsOnDeviceConversion in Frameworks */,
			);
			runOnlyForDeploymentPostprocessing = 0;
		};
		E56174702D7213230037D5DC /* Frameworks */ = {
			isa = PBXFrameworksBuildPhase;
			buildActionMask = 2147483647;
			files = (
			);
			runOnlyForDeploymentPostprocessing = 0;
		};
		E561747A2D7213230037D5DC /* Frameworks */ = {
			isa = PBXFrameworksBuildPhase;
			buildActionMask = 2147483647;
			files = (
			);
			runOnlyForDeploymentPostprocessing = 0;
		};
/* End PBXFrameworksBuildPhase section */

/* Begin PBXGroup section */
		E56174552D7213210037D5DC = {
			isa = PBXGroup;
			children = (
				E56174602D7213210037D5DC /* GMax */,
				E56174762D7213230037D5DC /* GMaxTests */,
				E56174802D7213230037D5DC /* GMaxUITests */,
				E561745F2D7213210037D5DC /* Products */,
			);
			sourceTree = "<group>";
		};
		E561745F2D7213210037D5DC /* Products */ = {
			isa = PBXGroup;
			children = (
				E561745E2D7213210037D5DC /* GMax.app */,
				E56174732D7213230037D5DC /* GMaxTests.xctest */,
				E561747D2D7213230037D5DC /* GMaxUITests.xctest */,
			);
			name = Products;
			sourceTree = "<group>";
		};
/* End PBXGroup section */

/* Begin PBXNativeTarget section */
		E561745D2D7213210037D5DC /* GMax */ = {
			isa = PBXNativeTarget;
			buildConfigurationList = E56174872D7213230037D5DC /* Build configuration list for PBXNativeTarget "GMax" */;
			buildPhases = (
				E561745A2D7213210037D5DC /* Sources */,
				E561745B2D7213210037D5DC /* Frameworks */,
				E561745C2D7213210037D5DC /* Resources */,
			);
			buildRules = (
			);
			dependencies = (
			);
			fileSystemSynchronizedGroups = (
				E56174602D7213210037D5DC /* GMax */,
			);
			name = GMax;
			packageProductDependencies = (
				E56175122D7230850037D5DC /* FirebaseAnalytics */,
				E56175142D7230850037D5DC /* FirebaseAnalyticsOnDeviceConversion */,
				E56175162D7230850037D5DC /* FirebaseAnalyticsWithoutAdIdSupport */,
				E56175182D7230850037D5DC /* FirebaseAppCheck */,
				E561751A2D7230850037D5DC /* FirebaseAppDistribution-Beta */,
				E561751F2D72325B0037D5DC /* FirebaseCore */,
				E56175212D72325B0037D5DC /* FirebaseDatabase */,
				E56175232D72325B0037D5DC /* FirebaseFirestore */,
				E56175252D72325B0037D5DC /* FirebaseRemoteConfig */,
				E56175272D72325B0037D5DC /* FirebaseStorage */,
				E56175292D72325B0037D5DC /* FirebaseStorageCombine-Community */,
				E561752B2D72325B0037D5DC /* FirebaseVertexAI */,
			);
			productName = GMax;
			productReference = E561745E2D7213210037D5DC /* GMax.app */;
			productType = "com.apple.product-type.application";
		};
		E56174722D7213230037D5DC /* GMaxTests */ = {
			isa = PBXNativeTarget;
			buildConfigurationList = E561748A2D7213230037D5DC /* Build configuration list for PBXNativeTarget "GMaxTests" */;
			buildPhases = (
				E561746F2D7213230037D5DC /* Sources */,
				E56174702D7213230037D5DC /* Frameworks */,
				E56174712D7213230037D5DC /* Resources */,
			);
			buildRules = (
			);
			dependencies = (
				E56174752D7213230037D5DC /* PBXTargetDependency */,
			);
			fileSystemSynchronizedGroups = (
				E56174762D7213230037D5DC /* GMaxTests */,
			);
			name = GMaxTests;
			packageProductDependencies = (
			);
			productName = GMaxTests;
			productReference = E56174732D7213230037D5DC /* GMaxTests.xctest */;
			productType = "com.apple.product-type.bundle.unit-test";
		};
		E561747C2D7213230037D5DC /* GMaxUITests */ = {
			isa = PBXNativeTarget;
			buildConfigurationList = E561748D2D7213230037D5DC /* Build configuration list for PBXNativeTarget "GMaxUITests" */;
			buildPhases = (
				E56174792D7213230037D5DC /* Sources */,
				E561747A2D7213230037D5DC /* Frameworks */,
				E561747B2D7213230037D5DC /* Resources */,
			);
			buildRules = (
			);
			dependencies = (
				E561747F2D7213230037D5DC /* PBXTargetDependency */,
			);
			fileSystemSynchronizedGroups = (
				E56174802D7213230037D5DC /* GMaxUITests */,
			);
			name = GMaxUITests;
			packageProductDependencies = (
			);
			productName = GMaxUITests;
			productReference = E561747D2D7213230037D5DC /* GMaxUITests.xctest */;
			productType = "com.apple.product-type.bundle.ui-testing";
		};
/* End PBXNativeTarget section */

/* Begin PBXProject section */
		E56174562D7213210037D5DC /* Project object */ = {
			isa = PBXProject;
			attributes = {
				BuildIndependentTargetsInParallel = 1;
				LastSwiftUpdateCheck = 1620;
				LastUpgradeCheck = 1620;
				TargetAttributes = {
					E561745D2D7213210037D5DC = {
						CreatedOnToolsVersion = 16.2;
					};
					E56174722D7213230037D5DC = {
						CreatedOnToolsVersion = 16.2;
						TestTargetID = E561745D2D7213210037D5DC;
					};
					E561747C2D7213230037D5DC = {
						CreatedOnToolsVersion = 16.2;
						TestTargetID = E561745D2D7213210037D5DC;
					};
				};
			};
			buildConfigurationList = E56174592D7213210037D5DC /* Build configuration list for PBXProject "GMax" */;
			developmentRegion = en;
			hasScannedForEncodings = 0;
			knownRegions = (
				en,
				Base,
			);
			mainGroup = E56174552D7213210037D5DC;
			minimizedProjectReferenceProxies = 1;
			packageReferences = (
				E56175112D7230850037D5DC /* XCRemoteSwiftPackageReference "firebase-ios-sdk" */,
			);
			preferredProjectObjectVersion = 77;
			productRefGroup = E561745F2D7213210037D5DC /* Products */;
			projectDirPath = "";
			projectRoot = "";
			targets = (
				E561745D2D7213210037D5DC /* GMax */,
				E56174722D7213230037D5DC /* GMaxTests */,
				E561747C2D7213230037D5DC /* GMaxUITests */,
			);
		};
/* End PBXProject section */

/* Begin PBXResourcesBuildPhase section */
		E561745C2D7213210037D5DC /* Resources */ = {
			isa = PBXResourcesBuildPhase;
			buildActionMask = 2147483647;
			files = (
			);
			runOnlyForDeploymentPostprocessing = 0;
		};
		E56174712D7213230037D5DC /* Resources */ = {
			isa = PBXResourcesBuildPhase;
			buildActionMask = 2147483647;
			files = (
			);
			runOnlyForDeploymentPostprocessing = 0;
		};
		E561747B2D7213230037D5DC /* Resources */ = {
			isa = PBXResourcesBuildPhase;
			buildActionMask = 2147483647;
			files = (
			);
			runOnlyForDeploymentPostprocessing = 0;
		};
/* End PBXResourcesBuildPhase section */

/* Begin PBXSourcesBuildPhase section */
		E561745A2D7213210037D5DC /* Sources */ = {
			isa = PBXSourcesBuildPhase;
			buildActionMask = 2147483647;
			files = (
			);
			runOnlyForDeploymentPostprocessing = 0;
		};
		E561746F2D7213230037D5DC /* Sources */ = {
			isa = PBXSourcesBuildPhase;
			buildActionMask = 2147483647;
			files = (
			);
			runOnlyForDeploymentPostprocessing = 0;
		};
		E56174792D7213230037D5DC /* Sources */ = {
			isa = PBXSourcesBuildPhase;
			buildActionMask = 2147483647;
			files = (
			);
			runOnlyForDeploymentPostprocessing = 0;
		};
/* End PBXSourcesBuildPhase section */

/* Begin PBXTargetDependency section */
		E56174752D7213230037D5DC /* PBXTargetDependency */ = {
			isa = PBXTargetDependency;
			target = E561745D2D7213210037D5DC /* GMax */;
			targetProxy = E56174742D7213230037D5DC /* PBXContainerItemProxy */;
		};
		E561747F2D7213230037D5DC /* PBXTargetDependency */ = {
			isa = PBXTargetDependency;
			target = E561745D2D7213210037D5DC /* GMax */;
			targetProxy = E561747E2D7213230037D5DC /* PBXContainerItemProxy */;
		};
/* End PBXTargetDependency section */

/* Begin XCBuildConfiguration section */
		E56174852D7213230037D5DC /* Debug */ = {
			isa = XCBuildConfiguration;
			buildSettings = {
				ALWAYS_SEARCH_USER_PATHS = NO;
				ASSETCATALOG_COMPILER_GENERATE_SWIFT_ASSET_SYMBOL_EXTENSIONS = YES;
				CLANG_ANALYZER_NONNULL = YES;
				CLANG_ANALYZER_NUMBER_OBJECT_CONVERSION = YES_AGGRESSIVE;
				CLANG_CXX_LANGUAGE_STANDARD = "gnu++20";
				CLANG_ENABLE_MODULES = YES;
				CLANG_ENABLE_OBJC_ARC = YES;
				CLANG_ENABLE_OBJC_WEAK = YES;
				CLANG_WARN_BLOCK_CAPTURE_AUTORELEASING = YES;
				CLANG_WARN_BOOL_CONVERSION = YES;
				CLANG_WARN_COMMA = YES;
				CLANG_WARN_CONSTANT_CONVERSION = YES;
				CLANG_WARN_DEPRECATED_OBJC_IMPLEMENTATIONS = YES;
				CLANG_WARN_DIRECT_OBJC_ISA_USAGE = YES_ERROR;
				CLANG_WARN_DOCUMENTATION_COMMENTS = YES;
				CLANG_WARN_EMPTY_BODY = YES;
				CLANG_WARN_ENUM_CONVERSION = YES;
				CLANG_WARN_INFINITE_RECURSION = YES;
				CLANG_WARN_INT_CONVERSION = YES;
				CLANG_WARN_NON_LITERAL_NULL_CONVERSION = YES;
				CLANG_WARN_OBJC_IMPLICIT_RETAIN_SELF = YES;
				CLANG_WARN_OBJC_LITERAL_CONVERSION = YES;
				CLANG_WARN_OBJC_ROOT_CLASS = YES_ERROR;
				CLANG_WARN_QUOTED_INCLUDE_IN_FRAMEWORK_HEADER = YES;
				CLANG_WARN_RANGE_LOOP_ANALYSIS = YES;
				CLANG_WARN_STRICT_PROTOTYPES = YES;
				CLANG_WARN_SUSPICIOUS_MOVE = YES;
				CLANG_WARN_UNGUARDED_AVAILABILITY = YES_AGGRESSIVE;
				CLANG_WARN_UNREACHABLE_CODE = YES;
				CLANG_WARN__DUPLICATE_METHOD_MATCH = YES;
				COPY_PHASE_STRIP = NO;
				DEBUG_INFORMATION_FORMAT = dwarf;
				ENABLE_STRICT_OBJC_MSGSEND = YES;
				ENABLE_TESTABILITY = YES;
				ENABLE_USER_SCRIPT_SANDBOXING = YES;
				GCC_C_LANGUAGE_STANDARD = gnu17;
				GCC_DYNAMIC_NO_PIC = NO;
				GCC_NO_COMMON_BLOCKS = YES;
				GCC_OPTIMIZATION_LEVEL = 0;
				GCC_PREPROCESSOR_DEFINITIONS = (
					"DEBUG=1",
					"$(inherited)",
				);
				GCC_WARN_64_TO_32_BIT_CONVERSION = YES;
				GCC_WARN_ABOUT_RETURN_TYPE = YES_ERROR;
				GCC_WARN_UNDECLARED_SELECTOR = YES;
				GCC_WARN_UNINITIALIZED_AUTOS = YES_AGGRESSIVE;
				GCC_WARN_UNUSED_FUNCTION = YES;
				GCC_WARN_UNUSED_VARIABLE = YES;
				IPHONEOS_DEPLOYMENT_TARGET = 18.2;
				LOCALIZATION_PREFERS_STRING_CATALOGS = YES;
				MTL_ENABLE_DEBUG_INFO = INCLUDE_SOURCE;
				MTL_FAST_MATH = YES;
				ONLY_ACTIVE_ARCH = YES;
				SDKROOT = iphoneos;
				SWIFT_ACTIVE_COMPILATION_CONDITIONS = "DEBUG $(inherited)";
				SWIFT_OPTIMIZATION_LEVEL = "-Onone";
			};
			name = Debug;
		};
		E56174862D7213230037D5DC /* Release */ = {
			isa = XCBuildConfiguration;
			buildSettings = {
				ALWAYS_SEARCH_USER_PATHS = NO;
				ASSETCATALOG_COMPILER_GENERATE_SWIFT_ASSET_SYMBOL_EXTENSIONS = YES;
				CLANG_ANALYZER_NONNULL = YES;
				CLANG_ANALYZER_NUMBER_OBJECT_CONVERSION = YES_AGGRESSIVE;
				CLANG_CXX_LANGUAGE_STANDARD = "gnu++20";
				CLANG_ENABLE_MODULES = YES;
				CLANG_ENABLE_OBJC_ARC = YES;
				CLANG_ENABLE_OBJC_WEAK = YES;
				CLANG_WARN_BLOCK_CAPTURE_AUTORELEASING = YES;
				CLANG_WARN_BOOL_CONVERSION = YES;
				CLANG_WARN_COMMA = YES;
				CLANG_WARN_CONSTANT_CONVERSION = YES;
				CLANG_WARN_DEPRECATED_OBJC_IMPLEMENTATIONS = YES;
				CLANG_WARN_DIRECT_OBJC_ISA_USAGE = YES_ERROR;
				CLANG_WARN_DOCUMENTATION_COMMENTS = YES;
				CLANG_WARN_EMPTY_BODY = YES;
				CLANG_WARN_ENUM_CONVERSION = YES;
				CLANG_WARN_INFINITE_RECURSION = YES;
				CLANG_WARN_INT_CONVERSION = YES;
				CLANG_WARN_NON_LITERAL_NULL_CONVERSION = YES;
				CLANG_WARN_OBJC_IMPLICIT_RETAIN_SELF = YES;
				CLANG_WARN_OBJC_LITERAL_CONVERSION = YES;
				CLANG_WARN_OBJC_ROOT_CLASS = YES_ERROR;
				CLANG_WARN_QUOTED_INCLUDE_IN_FRAMEWORK_HEADER = YES;
				CLANG_WARN_RANGE_LOOP_ANALYSIS = YES;
				CLANG_WARN_STRICT_PROTOTYPES = YES;
				CLANG_WARN_SUSPICIOUS_MOVE = YES;
				CLANG_WARN_UNGUARDED_AVAILABILITY = YES_AGGRESSIVE;
				CLANG_WARN_UNREACHABLE_CODE = YES;
				CLANG_WARN__DUPLICATE_METHOD_MATCH = YES;
				COPY_PHASE_STRIP = NO;
				DEBUG_INFORMATION_FORMAT = "dwarf-with-dsym";
				ENABLE_NS_ASSERTIONS = NO;
				ENABLE_STRICT_OBJC_MSGSEND = YES;
				ENABLE_USER_SCRIPT_SANDBOXING = YES;
				GCC_C_LANGUAGE_STANDARD = gnu17;
				GCC_NO_COMMON_BLOCKS = YES;
				GCC_WARN_64_TO_32_BIT_CONVERSION = YES;
				GCC_WARN_ABOUT_RETURN_TYPE = YES_ERROR;
				GCC_WARN_UNDECLARED_SELECTOR = YES;
				GCC_WARN_UNINITIALIZED_AUTOS = YES_AGGRESSIVE;
				GCC_WARN_UNUSED_FUNCTION = YES;
				GCC_WARN_UNUSED_VARIABLE = YES;
				IPHONEOS_DEPLOYMENT_TARGET = 18.2;
				LOCALIZATION_PREFERS_STRING_CATALOGS = YES;
				MTL_ENABLE_DEBUG_INFO = NO;
				MTL_FAST_MATH = YES;
				SDKROOT = iphoneos;
				SWIFT_COMPILATION_MODE = wholemodule;
				VALIDATE_PRODUCT = YES;
			};
			name = Release;
		};
		E56174882D7213230037D5DC /* Debug */ = {
			isa = XCBuildConfiguration;
			buildSettings = {
				ASSETCATALOG_COMPILER_APPICON_NAME = AppIcon;
				ASSETCATALOG_COMPILER_GLOBAL_ACCENT_COLOR_NAME = AccentColor;
				CODE_SIGN_STYLE = Automatic;
				CURRENT_PROJECT_VERSION = 1;
				DEVELOPMENT_ASSET_PATHS = "\"GMax/Preview Content\"";
				DEVELOPMENT_TEAM = J6M48VZ5PP;
				ENABLE_PREVIEWS = YES;
				GENERATE_INFOPLIST_FILE = YES;
				INFOPLIST_KEY_UIApplicationSceneManifest_Generation = YES;
				INFOPLIST_KEY_UIApplicationSupportsIndirectInputEvents = YES;
				INFOPLIST_KEY_UILaunchScreen_Generation = YES;
				INFOPLIST_KEY_UISupportedInterfaceOrientations_iPad = "UIInterfaceOrientationPortrait UIInterfaceOrientationPortraitUpsideDown UIInterfaceOrientationLandscapeLeft UIInterfaceOrientationLandscapeRight";
				INFOPLIST_KEY_UISupportedInterfaceOrientations_iPhone = "UIInterfaceOrientationPortrait UIInterfaceOrientationLandscapeLeft UIInterfaceOrientationLandscapeRight";
				LD_RUNPATH_SEARCH_PATHS = (
					"$(inherited)",
					"@executable_path/Frameworks",
				);
				MARKETING_VERSION = 1.0;
				PRODUCT_BUNDLE_IDENTIFIER = com.max.GMax;
				PRODUCT_NAME = "$(TARGET_NAME)";
				SWIFT_EMIT_LOC_STRINGS = YES;
				SWIFT_VERSION = 5.0;
				TARGETED_DEVICE_FAMILY = "1,2";
			};
			name = Debug;
		};
		E56174892D7213230037D5DC /* Release */ = {
			isa = XCBuildConfiguration;
			buildSettings = {
				ASSETCATALOG_COMPILER_APPICON_NAME = AppIcon;
				ASSETCATALOG_COMPILER_GLOBAL_ACCENT_COLOR_NAME = AccentColor;
				CODE_SIGN_STYLE = Automatic;
				CURRENT_PROJECT_VERSION = 1;
				DEVELOPMENT_ASSET_PATHS = "\"GMax/Preview Content\"";
				DEVELOPMENT_TEAM = J6M48VZ5PP;
				ENABLE_PREVIEWS = YES;
				GENERATE_INFOPLIST_FILE = YES;
				INFOPLIST_KEY_UIApplicationSceneManifest_Generation = YES;
				INFOPLIST_KEY_UIApplicationSupportsIndirectInputEvents = YES;
				INFOPLIST_KEY_UILaunchScreen_Generation = YES;
				INFOPLIST_KEY_UISupportedInterfaceOrientations_iPad = "UIInterfaceOrientationPortrait UIInterfaceOrientationPortraitUpsideDown UIInterfaceOrientationLandscapeLeft UIInterfaceOrientationLandscapeRight";
				INFOPLIST_KEY_UISupportedInterfaceOrientations_iPhone = "UIInterfaceOrientationPortrait UIInterfaceOrientationLandscapeLeft UIInterfaceOrientationLandscapeRight";
				LD_RUNPATH_SEARCH_PATHS = (
					"$(inherited)",
					"@executable_path/Frameworks",
				);
				MARKETING_VERSION = 1.0;
				PRODUCT_BUNDLE_IDENTIFIER = com.max.GMax;
				PRODUCT_NAME = "$(TARGET_NAME)";
				SWIFT_EMIT_LOC_STRINGS = YES;
				SWIFT_VERSION = 5.0;
				TARGETED_DEVICE_FAMILY = "1,2";
			};
			name = Release;
		};
		E561748B2D7213230037D5DC /* Debug */ = {
			isa = XCBuildConfiguration;
			buildSettings = {
				BUNDLE_LOADER = "$(TEST_HOST)";
				CODE_SIGN_STYLE = Automatic;
				CURRENT_PROJECT_VERSION = 1;
				DEVELOPMENT_TEAM = J6M48VZ5PP;
				GENERATE_INFOPLIST_FILE = YES;
				IPHONEOS_DEPLOYMENT_TARGET = 18.2;
				MARKETING_VERSION = 1.0;
				PRODUCT_BUNDLE_IDENTIFIER = com.max.GMaxTests;
				PRODUCT_NAME = "$(TARGET_NAME)";
				SWIFT_EMIT_LOC_STRINGS = NO;
				SWIFT_VERSION = 5.0;
				TARGETED_DEVICE_FAMILY = "1,2";
				TEST_HOST = "$(BUILT_PRODUCTS_DIR)/GMax.app/$(BUNDLE_EXECUTABLE_FOLDER_PATH)/GMax";
			};
			name = Debug;
		};
		E561748C2D7213230037D5DC /* Release */ = {
			isa = XCBuildConfiguration;
			buildSettings = {
				BUNDLE_LOADER = "$(TEST_HOST)";
				CODE_SIGN_STYLE = Automatic;
				CURRENT_PROJECT_VERSION = 1;
				DEVELOPMENT_TEAM = J6M48VZ5PP;
				GENERATE_INFOPLIST_FILE = YES;
				IPHONEOS_DEPLOYMENT_TARGET = 18.2;
				MARKETING_VERSION = 1.0;
				PRODUCT_BUNDLE_IDENTIFIER = com.max.GMaxTests;
				PRODUCT_NAME = "$(TARGET_NAME)";
				SWIFT_EMIT_LOC_STRINGS = NO;
				SWIFT_VERSION = 5.0;
				TARGETED_DEVICE_FAMILY = "1,2";
				TEST_HOST = "$(BUILT_PRODUCTS_DIR)/GMax.app/$(BUNDLE_EXECUTABLE_FOLDER_PATH)/GMax";
			};
			name = Release;
		};
		E561748E2D7213230037D5DC /* Debug */ = {
			isa = XCBuildConfiguration;
			buildSettings = {
				CODE_SIGN_STYLE = Automatic;
				CURRENT_PROJECT_VERSION = 1;
				DEVELOPMENT_TEAM = J6M48VZ5PP;
				GENERATE_INFOPLIST_FILE = YES;
				MARKETING_VERSION = 1.0;
				PRODUCT_BUNDLE_IDENTIFIER = com.max.GMaxUITests;
				PRODUCT_NAME = "$(TARGET_NAME)";
				SWIFT_EMIT_LOC_STRINGS = NO;
				SWIFT_VERSION = 5.0;
				TARGETED_DEVICE_FAMILY = "1,2";
				TEST_TARGET_NAME = GMax;
			};
			name = Debug;
		};
		E561748F2D7213230037D5DC /* Release */ = {
			isa = XCBuildConfiguration;
			buildSettings = {
				CODE_SIGN_STYLE = Automatic;
				CURRENT_PROJECT_VERSION = 1;
				DEVELOPMENT_TEAM = J6M48VZ5PP;
				GENERATE_INFOPLIST_FILE = YES;
				MARKETING_VERSION = 1.0;
				PRODUCT_BUNDLE_IDENTIFIER = com.max.GMaxUITests;
				PRODUCT_NAME = "$(TARGET_NAME)";
				SWIFT_EMIT_LOC_STRINGS = NO;
				SWIFT_VERSION = 5.0;
				TARGETED_DEVICE_FAMILY = "1,2";
				TEST_TARGET_NAME = GMax;
			};
			name = Release;
		};
/* End XCBuildConfiguration section */

/* Begin XCConfigurationList section */
		E56174592D7213210037D5DC /* Build configuration list for PBXProject "GMax" */ = {
			isa = XCConfigurationList;
			buildConfigurations = (
				E56174852D7213230037D5DC /* Debug */,
				E56174862D7213230037D5DC /* Release */,
			);
			defaultConfigurationIsVisible = 0;
			defaultConfigurationName = Release;
		};
		E56174872D7213230037D5DC /* Build configuration list for PBXNativeTarget "GMax" */ = {
			isa = XCConfigurationList;
			buildConfigurations = (
				E56174882D7213230037D5DC /* Debug */,
				E56174892D7213230037D5DC /* Release */,
			);
			defaultConfigurationIsVisible = 0;
			defaultConfigurationName = Release;
		};
		E561748A2D7213230037D5DC /* Build configuration list for PBXNativeTarget "GMaxTests" */ = {
			isa = XCConfigurationList;
			buildConfigurations = (
				E561748B2D7213230037D5DC /* Debug */,
				E561748C2D7213230037D5DC /* Release */,
			);
			defaultConfigurationIsVisible = 0;
			defaultConfigurationName = Release;
		};
		E561748D2D7213230037D5DC /* Build configuration list for PBXNativeTarget "GMaxUITests" */ = {
			isa = XCConfigurationList;
			buildConfigurations = (
				E561748E2D7213230037D5DC /* Debug */,
				E561748F2D7213230037D5DC /* Release */,
			);
			defaultConfigurationIsVisible = 0;
			defaultConfigurationName = Release;
		};
/* End XCConfigurationList section */

/* Begin XCRemoteSwiftPackageReference section */
		E56175112D7230850037D5DC /* XCRemoteSwiftPackageReference "firebase-ios-sdk" */ = {
			isa = XCRemoteSwiftPackageReference;
			repositoryURL = "https://github.com/firebase/firebase-ios-sdk.git";
			requirement = {
				kind = upToNextMajorVersion;
				minimumVersion = 11.9.0;
			};
		};
/* End XCRemoteSwiftPackageReference section */

/* Begin XCSwiftPackageProductDependency section */
		E56175122D7230850037D5DC /* FirebaseAnalytics */ = {
			isa = XCSwiftPackageProductDependency;
			package = E56175112D7230850037D5DC /* XCRemoteSwiftPackageReference "firebase-ios-sdk" */;
			productName = FirebaseAnalytics;
		};
		E56175142D7230850037D5DC /* FirebaseAnalyticsOnDeviceConversion */ = {
			isa = XCSwiftPackageProductDependency;
			package = E56175112D7230850037D5DC /* XCRemoteSwiftPackageReference "firebase-ios-sdk" */;
			productName = FirebaseAnalyticsOnDeviceConversion;
		};
		E56175162D7230850037D5DC /* FirebaseAnalyticsWithoutAdIdSupport */ = {
			isa = XCSwiftPackageProductDependency;
			package = E56175112D7230850037D5DC /* XCRemoteSwiftPackageReference "firebase-ios-sdk" */;
			productName = FirebaseAnalyticsWithoutAdIdSupport;
		};
		E56175182D7230850037D5DC /* FirebaseAppCheck */ = {
			isa = XCSwiftPackageProductDependency;
			package = E56175112D7230850037D5DC /* XCRemoteSwiftPackageReference "firebase-ios-sdk" */;
			productName = FirebaseAppCheck;
		};
		E561751A2D7230850037D5DC /* FirebaseAppDistribution-Beta */ = {
			isa = XCSwiftPackageProductDependency;
			package = E56175112D7230850037D5DC /* XCRemoteSwiftPackageReference "firebase-ios-sdk" */;
			productName = "FirebaseAppDistribution-Beta";
		};
		E561751F2D72325B0037D5DC /* FirebaseCore */ = {
			isa = XCSwiftPackageProductDependency;
			package = E56175112D7230850037D5DC /* XCRemoteSwiftPackageReference "firebase-ios-sdk" */;
			productName = FirebaseCore;
		};
		E56175212D72325B0037D5DC /* FirebaseDatabase */ = {
			isa = XCSwiftPackageProductDependency;
			package = E56175112D7230850037D5DC /* XCRemoteSwiftPackageReference "firebase-ios-sdk" */;
			productName = FirebaseDatabase;
		};
		E56175232D72325B0037D5DC /* FirebaseFirestore */ = {
			isa = XCSwiftPackageProductDependency;
			package = E56175112D7230850037D5DC /* XCRemoteSwiftPackageReference "firebase-ios-sdk" */;
			productName = FirebaseFirestore;
		};
		E56175252D72325B0037D5DC /* FirebaseRemoteConfig */ = {
			isa = XCSwiftPackageProductDependency;
			package = E56175112D7230850037D5DC /* XCRemoteSwiftPackageReference "firebase-ios-sdk" */;
			productName = FirebaseRemoteConfig;
		};
		E56175272D72325B0037D5DC /* FirebaseStorage */ = {
			isa = XCSwiftPackageProductDependency;
			package = E56175112D7230850037D5DC /* XCRemoteSwiftPackageReference "firebase-ios-sdk" */;
			productName = FirebaseStorage;
		};
		E56175292D72325B0037D5DC /* FirebaseStorageCombine-Community */ = {
			isa = XCSwiftPackageProductDependency;
			package = E56175112D7230850037D5DC /* XCRemoteSwiftPackageReference "firebase-ios-sdk" */;
			productName = "FirebaseStorageCombine-Community";
		};
		E561752B2D72325B0037D5DC /* FirebaseVertexAI */ = {
			isa = XCSwiftPackageProductDependency;
			package = E56175112D7230850037D5DC /* XCRemoteSwiftPackageReference "firebase-ios-sdk" */;
			productName = FirebaseVertexAI;
		};
/* End XCSwiftPackageProductDependency section */
	};
	rootObject = E56174562D7213210037D5DC /* Project object */;
}
